
Microsoft Visual Studio Solution File, Format Version 12.00
# Visual Studio Version 17
VisualStudioVersion = 17.7.34031.279
MinimumVisualStudioVersion = 10.0.40219.1
Project("{FAE04EC0-301F-11D3-BF4B-00C04F79EFBC}") = "ChildVaccinationManagementWebsite", "ChildVaccinationManagementWebsite\ChildVaccinationManagementWebsite.csproj", "{69F768DD-3FB0-43E1-8340-5AF58203EA4A}"
EndProject
Global
	GlobalSection(SolutionConfigurationPlatforms) = preSolution
		Debug|Any CPU = Debug|Any CPU
		Release|Any CPU = Release|Any CPU
	EndGlobalSection
	GlobalSection(ProjectConfigurationPlatforms) = postSolution
		{69F768DD-3FB0-43E1-8340-5AF58203EA4A}.Debug|Any CPU.ActiveCfg = Debug|Any CPU
		{69F768DD-3FB0-43E1-8340-5AF58203EA4A}.Debug|Any CPU.Build.0 = Debug|Any CPU
		{69F768DD-3FB0-43E1-8340-5AF58203EA4A}.Release|Any CPU.ActiveCfg = Release|Any CPU
		{69F768DD-3FB0-43E1-8340-5AF58203EA4A}.Release|Any CPU.Build.0 = Release|Any CPU
	EndGlobalSection
	GlobalSection(SolutionProperties) = preSolution
		HideSolutionNode = FALSE
	EndGlobalSection
	GlobalSection(ExtensibilityGlobals) = postSolution
		SolutionGuid = {51763936-671D-41B9-BF82-6B374A70BF9E}
	EndGlobalSection
EndGlobal
